
Microsoft Visual Studio Solution File, Format Version 12.00
# Visual Studio Version 17
VisualStudioVersion = 17.14.36414.22 d17.14
MinimumVisualStudioVersion = 10.0.40219.1
Project("{FAE04EC0-301F-11D3-BF4B-00C04F79EFBC}") = "KleinGewerbeManager", "KleinGewerbeManager\KleinGewerbeManager.csproj", "{2D0CC43A-CF07-4B89-86EE-CC9CA4245826}"
EndProject
Project("{FAE04EC0-301F-11D3-BF4B-00C04F79EFBC}") = "Klassenbibliothek", "Klassenbibliothek\Klassenbibliothek.csproj", "{C7242C8F-49E9-4584-B0CC-9A4B6E915F8C}"
EndProject
Project("{FAE04EC0-301F-11D3-BF4B-00C04F79EFBC}") = "Komponenten", "Komponenten\Komponenten.csproj", "{8ACFFB52-55A7-42D9-8307-4D91B24483FB}"
EndProject
Global
	GlobalSection(SolutionConfigurationPlatforms) = preSolution
		Debug|Any CPU = Debug|Any CPU
		Release|Any CPU = Release|Any CPU
	EndGlobalSection
	GlobalSection(ProjectConfigurationPlatforms) = postSolution
		{2D0CC43A-CF07-4B89-86EE-CC9CA4245826}.Debug|Any CPU.ActiveCfg = Debug|Any CPU
		{2D0CC43A-CF07-4B89-86EE-CC9CA4245826}.Debug|Any CPU.Build.0 = Debug|Any CPU
		{2D0CC43A-CF07-4B89-86EE-CC9CA4245826}.Release|Any CPU.ActiveCfg = Release|Any CPU
		{2D0CC43A-CF07-4B89-86EE-CC9CA4245826}.Release|Any CPU.Build.0 = Release|Any CPU
		{C7242C8F-49E9-4584-B0CC-9A4B6E915F8C}.Debug|Any CPU.ActiveCfg = Debug|Any CPU
		{C7242C8F-49E9-4584-B0CC-9A4B6E915F8C}.Debug|Any CPU.Build.0 = Debug|Any CPU
		{C7242C8F-49E9-4584-B0CC-9A4B6E915F8C}.Release|Any CPU.ActiveCfg = Release|Any CPU
		{C7242C8F-49E9-4584-B0CC-9A4B6E915F8C}.Release|Any CPU.Build.0 = Release|Any CPU
		{8ACFFB52-55A7-42D9-8307-4D91B24483FB}.Debug|Any CPU.ActiveCfg = Debug|Any CPU
		{8ACFFB52-55A7-42D9-8307-4D91B24483FB}.Debug|Any CPU.Build.0 = Debug|Any CPU
		{8ACFFB52-55A7-42D9-8307-4D91B24483FB}.Release|Any CPU.ActiveCfg = Release|Any CPU
		{8ACFFB52-55A7-42D9-8307-4D91B24483FB}.Release|Any CPU.Build.0 = Release|Any CPU
	EndGlobalSection
	GlobalSection(SolutionProperties) = preSolution
		HideSolutionNode = FALSE
	EndGlobalSection
	GlobalSection(ExtensibilityGlobals) = postSolution
		SolutionGuid = {0FC414E5-770C-41B7-8666-A02F56FA5CF9}
	EndGlobalSection
EndGlobal
